// !$*UTF8*$!
{
	archiveVersion = 1;
	classes = {
	};
	objectVersion = 46;
	objects = {

/* Begin PBXBuildFile section */
		DCCAA6E21BAE7BD400683E0D /* AppDelegate.swift in Sources */ = {isa = PBXBuildFile; fileRef = DCCAA6E11BAE7BD400683E0D /* AppDelegate.swift */; };
		DCCAA6E41BAE7BD400683E0D /* ViewController.swift in Sources */ = {isa = PBXBuildFile; fileRef = DCCAA6E31BAE7BD400683E0D /* ViewController.swift */; };
		DCCAA6E71BAE7BD400683E0D /* Main.storyboard in Resources */ = {isa = PBXBuildFile; fileRef = DCCAA6E51BAE7BD400683E0D /* Main.storyboard */; };
		DCCAA6E91BAE7BD400683E0D /* Assets.xcassets in Resources */ = {isa = PBXBuildFile; fileRef = DCCAA6E81BAE7BD400683E0D /* Assets.xcassets */; };
		DCCAA6F41BAE7BD400683E0D /* BreakoutTests.swift in Sources */ = {isa = PBXBuildFile; fileRef = DCCAA6F31BAE7BD400683E0D /* BreakoutTests.swift */; };
		DCCAA7041BAE7C0A00683E0D /* BallNode.swift in Sources */ = {isa = PBXBuildFile; fileRef = DCCAA6FE1BAE7C0A00683E0D /* BallNode.swift */; };
		DCCAA7051BAE7C0A00683E0D /* BallScene.swift in Sources */ = {isa = PBXBuildFile; fileRef = DCCAA6FF1BAE7C0A00683E0D /* BallScene.swift */; };
		DCCAA7061BAE7C0A00683E0D /* BrickNode.swift in Sources */ = {isa = PBXBuildFile; fileRef = DCCAA7001BAE7C0A00683E0D /* BrickNode.swift */; };
		DCCAA7071BAE7C0A00683E0D /* DeathZoneNode.swift in Sources */ = {isa = PBXBuildFile; fileRef = DCCAA7011BAE7C0A00683E0D /* DeathZoneNode.swift */; };
		DCCAA7081BAE7C0A00683E0D /* Extensions.swift in Sources */ = {isa = PBXBuildFile; fileRef = DCCAA7021BAE7C0A00683E0D /* Extensions.swift */; };
		DCCAA7091BAE7C0A00683E0D /* PaddleNode.swift in Sources */ = {isa = PBXBuildFile; fileRef = DCCAA7031BAE7C0A00683E0D /* PaddleNode.swift */; };
		DCCAA70A1BAE7C1700683E0D /* BallNode.swift in Sources */ = {isa = PBXBuildFile; fileRef = DCCAA6FE1BAE7C0A00683E0D /* BallNode.swift */; };
		DCCAA70B1BAE7C1900683E0D /* BallScene.swift in Sources */ = {isa = PBXBuildFile; fileRef = DCCAA6FF1BAE7C0A00683E0D /* BallScene.swift */; };
		DCCAA70C1BAE7C1A00683E0D /* BrickNode.swift in Sources */ = {isa = PBXBuildFile; fileRef = DCCAA7001BAE7C0A00683E0D /* BrickNode.swift */; };
		DCCAA70D1BAE7C1B00683E0D /* DeathZoneNode.swift in Sources */ = {isa = PBXBuildFile; fileRef = DCCAA7011BAE7C0A00683E0D /* DeathZoneNode.swift */; };
		DCCAA70E1BAE7C1C00683E0D /* Extensions.swift in Sources */ = {isa = PBXBuildFile; fileRef = DCCAA7021BAE7C0A00683E0D /* Extensions.swift */; };
		DCCAA70F1BAE7C1E00683E0D /* PaddleNode.swift in Sources */ = {isa = PBXBuildFile; fileRef = DCCAA7031BAE7C0A00683E0D /* PaddleNode.swift */; };
/* End PBXBuildFile section */

/* Begin PBXContainerItemProxy section */
		DCCAA6F01BAE7BD400683E0D /* PBXContainerItemProxy */ = {
			isa = PBXContainerItemProxy;
			containerPortal = DCCAA6D61BAE7BD400683E0D /* Project object */;
			proxyType = 1;
			remoteGlobalIDString = DCCAA6DD1BAE7BD400683E0D;
			remoteInfo = Breakout;
		};
/* End PBXContainerItemProxy section */

/* Begin PBXFileReference section */
		DCCAA6DE1BAE7BD400683E0D /* Breakout.app */ = {isa = PBXFileReference; explicitFileType = wrapper.application; includeInIndex = 0; path = Breakout.app; sourceTree = BUILT_PRODUCTS_DIR; };
		DCCAA6E11BAE7BD400683E0D /* AppDelegate.swift */ = {isa = PBXFileReference; lastKnownFileType = sourcecode.swift; path = AppDelegate.swift; sourceTree = "<group>"; };
		DCCAA6E31BAE7BD400683E0D /* ViewController.swift */ = {isa = PBXFileReference; lastKnownFileType = sourcecode.swift; path = ViewController.swift; sourceTree = "<group>"; };
		DCCAA6E61BAE7BD400683E0D /* Base */ = {isa = PBXFileReference; lastKnownFileType = file.storyboard; name = Base; path = Base.lproj/Main.storyboard; sourceTree = "<group>"; };
		DCCAA6E81BAE7BD400683E0D /* Assets.xcassets */ = {isa = PBXFileReference; lastKnownFileType = folder.assetcatalog; path = Assets.xcassets; sourceTree = "<group>"; };
		DCCAA6EA1BAE7BD400683E0D /* Info.plist */ = {isa = PBXFileReference; lastKnownFileType = text.plist.xml; path = Info.plist; sourceTree = "<group>"; };
		DCCAA6EF1BAE7BD400683E0D /* BreakoutTests.xctest */ = {isa = PBXFileReference; explicitFileType = wrapper.cfbundle; includeInIndex = 0; path = BreakoutTests.xctest; sourceTree = BUILT_PRODUCTS_DIR; };
		DCCAA6F31BAE7BD400683E0D /* BreakoutTests.swift */ = {isa = PBXFileReference; lastKnownFileType = sourcecode.swift; path = BreakoutTests.swift; sourceTree = "<group>"; };
		DCCAA6F51BAE7BD400683E0D /* Info.plist */ = {isa = PBXFileReference; lastKnownFileType = text.plist.xml; path = Info.plist; sourceTree = "<group>"; };
		DCCAA6FE1BAE7C0A00683E0D /* BallNode.swift */ = {isa = PBXFileReference; fileEncoding = 4; lastKnownFileType = sourcecode.swift; path = BallNode.swift; sourceTree = "<group>"; };
		DCCAA6FF1BAE7C0A00683E0D /* BallScene.swift */ = {isa = PBXFileReference; fileEncoding = 4; lastKnownFileType = sourcecode.swift; path = BallScene.swift; sourceTree = "<group>"; };
		DCCAA7001BAE7C0A00683E0D /* BrickNode.swift */ = {isa = PBXFileReference; fileEncoding = 4; lastKnownFileType = sourcecode.swift; path = BrickNode.swift; sourceTree = "<group>"; };
		DCCAA7011BAE7C0A00683E0D /* DeathZoneNode.swift */ = {isa = PBXFileReference; fileEncoding = 4; lastKnownFileType = sourcecode.swift; path = DeathZoneNode.swift; sourceTree = "<group>"; };
		DCCAA7021BAE7C0A00683E0D /* Extensions.swift */ = {isa = PBXFileReference; fileEncoding = 4; lastKnownFileType = sourcecode.swift; path = Extensions.swift; sourceTree = "<group>"; };
		DCCAA7031BAE7C0A00683E0D /* PaddleNode.swift */ = {isa = PBXFileReference; fileEncoding = 4; lastKnownFileType = sourcecode.swift; path = PaddleNode.swift; sourceTree = "<group>"; };
/* End PBXFileReference section */

/* Begin PBXFrameworksBuildPhase section */
		DCCAA6DB1BAE7BD400683E0D /* Frameworks */ = {
			isa = PBXFrameworksBuildPhase;
			buildActionMask = 2147483647;
			files = (
			);
			runOnlyForDeploymentPostprocessing = 0;
		};
		DCCAA6EC1BAE7BD400683E0D /* Frameworks */ = {
			isa = PBXFrameworksBuildPhase;
			buildActionMask = 2147483647;
			files = (
			);
			runOnlyForDeploymentPostprocessing = 0;
		};
/* End PBXFrameworksBuildPhase section */

/* Begin PBXGroup section */
		DCCAA6D51BAE7BD400683E0D = {
			isa = PBXGroup;
			children = (
				DCCAA6E01BAE7BD400683E0D /* Breakout */,
				DCCAA6F21BAE7BD400683E0D /* BreakoutTests */,
				DCCAA6DF1BAE7BD400683E0D /* Products */,
			);
			sourceTree = "<group>";
		};
		DCCAA6DF1BAE7BD400683E0D /* Products */ = {
			isa = PBXGroup;
			children = (
				DCCAA6DE1BAE7BD400683E0D /* Breakout.app */,
				DCCAA6EF1BAE7BD400683E0D /* BreakoutTests.xctest */,
			);
			name = Products;
			sourceTree = "<group>";
		};
		DCCAA6E01BAE7BD400683E0D /* Breakout */ = {
			isa = PBXGroup;
			children = (
				DCCAA6E11BAE7BD400683E0D /* AppDelegate.swift */,
				DCCAA6E31BAE7BD400683E0D /* ViewController.swift */,
				DCCAA6FE1BAE7C0A00683E0D /* BallNode.swift */,
				DCCAA6FF1BAE7C0A00683E0D /* BallScene.swift */,
				DCCAA7001BAE7C0A00683E0D /* BrickNode.swift */,
				DCCAA7011BAE7C0A00683E0D /* DeathZoneNode.swift */,
				DCCAA7021BAE7C0A00683E0D /* Extensions.swift */,
				DCCAA7031BAE7C0A00683E0D /* PaddleNode.swift */,
				DCCAA6E51BAE7BD400683E0D /* Main.storyboard */,
				DCCAA6E81BAE7BD400683E0D /* Assets.xcassets */,
				DCCAA6EA1BAE7BD400683E0D /* Info.plist */,
			);
			path = Breakout;
			sourceTree = "<group>";
		};
		DCCAA6F21BAE7BD400683E0D /* BreakoutTests */ = {
			isa = PBXGroup;
			children = (
				DCCAA6F31BAE7BD400683E0D /* BreakoutTests.swift */,
				DCCAA6F51BAE7BD400683E0D /* Info.plist */,
			);
			path = BreakoutTests;
			sourceTree = "<group>";
		};
/* End PBXGroup section */

/* Begin PBXNativeTarget section */
		DCCAA6DD1BAE7BD400683E0D /* Breakout */ = {
			isa = PBXNativeTarget;
			buildConfigurationList = DCCAA6F81BAE7BD400683E0D /* Build configuration list for PBXNativeTarget "Breakout" */;
			buildPhases = (
				DCCAA6DA1BAE7BD400683E0D /* Sources */,
				DCCAA6DB1BAE7BD400683E0D /* Frameworks */,
				DCCAA6DC1BAE7BD400683E0D /* Resources */,
			);
			buildRules = (
			);
			dependencies = (
			);
			name = Breakout;
			productName = Breakout;
			productReference = DCCAA6DE1BAE7BD400683E0D /* Breakout.app */;
			productType = "com.apple.product-type.application";
		};
		DCCAA6EE1BAE7BD400683E0D /* BreakoutTests */ = {
			isa = PBXNativeTarget;
			buildConfigurationList = DCCAA6FB1BAE7BD400683E0D /* Build configuration list for PBXNativeTarget "BreakoutTests" */;
			buildPhases = (
				DCCAA6EB1BAE7BD400683E0D /* Sources */,
				DCCAA6EC1BAE7BD400683E0D /* Frameworks */,
				DCCAA6ED1BAE7BD400683E0D /* Resources */,
			);
			buildRules = (
			);
			dependencies = (
				DCCAA6F11BAE7BD400683E0D /* PBXTargetDependency */,
			);
			name = BreakoutTests;
			productName = BreakoutTests;
			productReference = DCCAA6EF1BAE7BD400683E0D /* BreakoutTests.xctest */;
			productType = "com.apple.product-type.bundle.unit-test";
		};
/* End PBXNativeTarget section */

/* Begin PBXProject section */
		DCCAA6D61BAE7BD400683E0D /* Project object */ = {
			isa = PBXProject;
			attributes = {
				LastUpgradeCheck = 0710;
				ORGANIZATIONNAME = "Harlan Haskins";
				TargetAttributes = {
					DCCAA6DD1BAE7BD400683E0D = {
						CreatedOnToolsVersion = 7.1;
					};
					DCCAA6EE1BAE7BD400683E0D = {
						CreatedOnToolsVersion = 7.1;
						TestTargetID = DCCAA6DD1BAE7BD400683E0D;
					};
				};
			};
			buildConfigurationList = DCCAA6D91BAE7BD400683E0D /* Build configuration list for PBXProject "Breakout" */;
			compatibilityVersion = "Xcode 3.2";
			developmentRegion = English;
			hasScannedForEncodings = 0;
			knownRegions = (
				en,
				Base,
			);
			mainGroup = DCCAA6D51BAE7BD400683E0D;
			productRefGroup = DCCAA6DF1BAE7BD400683E0D /* Products */;
			projectDirPath = "";
			projectRoot = "";
			targets = (
				DCCAA6DD1BAE7BD400683E0D /* Breakout */,
				DCCAA6EE1BAE7BD400683E0D /* BreakoutTests */,
			);
		};
/* End PBXProject section */

/* Begin PBXResourcesBuildPhase section */
		DCCAA6DC1BAE7BD400683E0D /* Resources */ = {
			isa = PBXResourcesBuildPhase;
			buildActionMask = 2147483647;
			files = (
				DCCAA6E91BAE7BD400683E0D /* Assets.xcassets in Resources */,
				DCCAA6E71BAE7BD400683E0D /* Main.storyboard in Resources */,
			);
			runOnlyForDeploymentPostprocessing = 0;
		};
		DCCAA6ED1BAE7BD400683E0D /* Resources */ = {
			isa = PBXResourcesBuildPhase;
			buildActionMask = 2147483647;
			files = (
			);
			runOnlyForDeploymentPostprocessing = 0;
		};
/* End PBXResourcesBuildPhase section */

/* Begin PBXSourcesBuildPhase section */
		DCCAA6DA1BAE7BD400683E0D /* Sources */ = {
			isa = PBXSourcesBuildPhase;
			buildActionMask = 2147483647;
			files = (
				DCCAA7041BAE7C0A00683E0D /* BallNode.swift in Sources */,
				DCCAA6E41BAE7BD400683E0D /* ViewController.swift in Sources */,
				DCCAA7071BAE7C0A00683E0D /* DeathZoneNode.swift in Sources */,
				DCCAA7091BAE7C0A00683E0D /* PaddleNode.swift in Sources */,
				DCCAA7061BAE7C0A00683E0D /* BrickNode.swift in Sources */,
				DCCAA6E21BAE7BD400683E0D /* AppDelegate.swift in Sources */,
				DCCAA7051BAE7C0A00683E0D /* BallScene.swift in Sources */,
				DCCAA7081BAE7C0A00683E0D /* Extensions.swift in Sources */,
			);
			runOnlyForDeploymentPostprocessing = 0;
		};
		DCCAA6EB1BAE7BD400683E0D /* Sources */ = {
			isa = PBXSourcesBuildPhase;
			buildActionMask = 2147483647;
			files = (
				DCCAA6F41BAE7BD400683E0D /* BreakoutTests.swift in Sources */,
				DCCAA70D1BAE7C1B00683E0D /* DeathZoneNode.swift in Sources */,
				DCCAA70E1BAE7C1C00683E0D /* Extensions.swift in Sources */,
				DCCAA70F1BAE7C1E00683E0D /* PaddleNode.swift in Sources */,
				DCCAA70A1BAE7C1700683E0D /* BallNode.swift in Sources */,
				DCCAA70C1BAE7C1A00683E0D /* BrickNode.swift in Sources */,
				DCCAA70B1BAE7C1900683E0D /* BallScene.swift in Sources */,
			);
			runOnlyForDeploymentPostprocessing = 0;
		};
/* End PBXSourcesBuildPhase section */

/* Begin PBXTargetDependency section */
		DCCAA6F11BAE7BD400683E0D /* PBXTargetDependency */ = {
			isa = PBXTargetDependency;
			target = DCCAA6DD1BAE7BD400683E0D /* Breakout */;
			targetProxy = DCCAA6F01BAE7BD400683E0D /* PBXContainerItemProxy */;
		};
/* End PBXTargetDependency section */

/* Begin PBXVariantGroup section */
		DCCAA6E51BAE7BD400683E0D /* Main.storyboard */ = {
			isa = PBXVariantGroup;
			children = (
				DCCAA6E61BAE7BD400683E0D /* Base */,
			);
			name = Main.storyboard;
			sourceTree = "<group>";
		};
/* End PBXVariantGroup section */

/* Begin XCBuildConfiguration section */
		DCCAA6F61BAE7BD400683E0D /* Debug */ = {
			isa = XCBuildConfiguration;
			buildSettings = {
				ALWAYS_SEARCH_USER_PATHS = NO;
				CLANG_CXX_LANGUAGE_STANDARD = "gnu++0x";
				CLANG_CXX_LIBRARY = "libc++";
				CLANG_ENABLE_MODULES = YES;
				CLANG_ENABLE_OBJC_ARC = YES;
				CLANG_WARN_BOOL_CONVERSION = YES;
				CLANG_WARN_CONSTANT_CONVERSION = YES;
				CLANG_WARN_DIRECT_OBJC_ISA_USAGE = YES_ERROR;
				CLANG_WARN_EMPTY_BODY = YES;
				CLANG_WARN_ENUM_CONVERSION = YES;
				CLANG_WARN_INT_CONVERSION = YES;
				CLANG_WARN_OBJC_ROOT_CLASS = YES_ERROR;
				CLANG_WARN_UNREACHABLE_CODE = YES;
				CLANG_WARN__DUPLICATE_METHOD_MATCH = YES;
				COPY_PHASE_STRIP = NO;
				DEBUG_INFORMATION_FORMAT = dwarf;
				ENABLE_STRICT_OBJC_MSGSEND = YES;
				ENABLE_TESTABILITY = YES;
				GCC_C_LANGUAGE_STANDARD = gnu99;
				GCC_DYNAMIC_NO_PIC = NO;
				GCC_NO_COMMON_BLOCKS = YES;
				GCC_OPTIMIZATION_LEVEL = 0;
				GCC_PREPROCESSOR_DEFINITIONS = (
					"DEBUG=1",
					"$(inherited)",
				);
				GCC_WARN_64_TO_32_BIT_CONVERSION = YES;
				GCC_WARN_ABOUT_RETURN_TYPE = YES_ERROR;
				GCC_WARN_UNDECLARED_SELECTOR = YES;
				GCC_WARN_UNINITIALIZED_AUTOS = YES_AGGRESSIVE;
				GCC_WARN_UNUSED_FUNCTION = YES;
				GCC_WARN_UNUSED_VARIABLE = YES;
				MTL_ENABLE_DEBUG_INFO = YES;
				ONLY_ACTIVE_ARCH = YES;
				SDKROOT = appletvos;
				SWIFT_OPTIMIZATION_LEVEL = "-Onone";
				TARGETED_DEVICE_FAMILY = 3;
				TVOS_DEPLOYMENT_TARGET = 9.0;
			};
			name = Debug;
		};
		DCCAA6F71BAE7BD400683E0D /* Release */ = {
			isa = XCBuildConfiguration;
			buildSettings = {
				ALWAYS_SEARCH_USER_PATHS = NO;
				CLANG_CXX_LANGUAGE_STANDARD = "gnu++0x";
				CLANG_CXX_LIBRARY = "libc++";
				CLANG_ENABLE_MODULES = YES;
				CLANG_ENABLE_OBJC_ARC = YES;
				CLANG_WARN_BOOL_CONVERSION = YES;
				CLANG_WARN_CONSTANT_CONVERSION = YES;
				CLANG_WARN_DIRECT_OBJC_ISA_USAGE = YES_ERROR;
				CLANG_WARN_EMPTY_BODY = YES;
				CLANG_WARN_ENUM_CONVERSION = YES;
				CLANG_WARN_INT_CONVERSION = YES;
				CLANG_WARN_OBJC_ROOT_CLASS = YES_ERROR;
				CLANG_WARN_UNREACHABLE_CODE = YES;
				CLANG_WARN__DUPLICATE_METHOD_MATCH = YES;
				COPY_PHASE_STRIP = NO;
				DEBUG_INFORMATION_FORMAT = "dwarf-with-dsym";
				ENABLE_NS_ASSERTIONS = NO;
				ENABLE_STRICT_OBJC_MSGSEND = YES;
				GCC_C_LANGUAGE_STANDARD = gnu99;
				GCC_NO_COMMON_BLOCKS = YES;
				GCC_WARN_64_TO_32_BIT_CONVERSION = YES;
				GCC_WARN_ABOUT_RETURN_TYPE = YES_ERROR;
				GCC_WARN_UNDECLARED_SELECTOR = YES;
				GCC_WARN_UNINITIALIZED_AUTOS = YES_AGGRESSIVE;
				GCC_WARN_UNUSED_FUNCTION = YES;
				GCC_WARN_UNUSED_VARIABLE = YES;
				MTL_ENABLE_DEBUG_INFO = NO;
				SDKROOT = appletvos;
				TARGETED_DEVICE_FAMILY = 3;
				TVOS_DEPLOYMENT_TARGET = 9.0;
				VALIDATE_PRODUCT = YES;
			};
			name = Release;
		};
		DCCAA6F91BAE7BD400683E0D /* Debug */ = {
			isa = XCBuildConfiguration;
			buildSettings = {
				ASSETCATALOG_COMPILER_APPICON_NAME = "App Icon & Top Shelf Image";
				ASSETCATALOG_COMPILER_LAUNCHIMAGE_NAME = LaunchImage;
				INFOPLIST_FILE = Breakout/Info.plist;
				LD_RUNPATH_SEARCH_PATHS = "$(inherited) @executable_path/Frameworks";
				PRODUCT_BUNDLE_IDENTIFIER = com.harlan.Breakout;
				PRODUCT_NAME = "$(TARGET_NAME)";
			};
			name = Debug;
		};
		DCCAA6FA1BAE7BD400683E0D /* Release */ = {
			isa = XCBuildConfiguration;
			buildSettings = {
				ASSETCATALOG_COMPILER_APPICON_NAME = "App Icon & Top Shelf Image";
				ASSETCATALOG_COMPILER_LAUNCHIMAGE_NAME = LaunchImage;
				INFOPLIST_FILE = Breakout/Info.plist;
				LD_RUNPATH_SEARCH_PATHS = "$(inherited) @executable_path/Frameworks";
				PRODUCT_BUNDLE_IDENTIFIER = com.harlan.Breakout;
				PRODUCT_NAME = "$(TARGET_NAME)";
			};
			name = Release;
		};
		DCCAA6FC1BAE7BD400683E0D /* Debug */ = {
			isa = XCBuildConfiguration;
			buildSettings = {
				BUNDLE_LOADER = "$(TEST_HOST)";
				INFOPLIST_FILE = BreakoutTests/Info.plist;
				LD_RUNPATH_SEARCH_PATHS = "$(inherited) @executable_path/Frameworks @loader_path/Frameworks";
				PRODUCT_BUNDLE_IDENTIFIER = com.harlan.BreakoutTests;
				PRODUCT_NAME = "$(TARGET_NAME)";
				TEST_HOST = "$(BUILT_PRODUCTS_DIR)/Breakout.app/Breakout";
			};
			name = Debug;
		};
		DCCAA6FD1BAE7BD400683E0D /* Release */ = {
			isa = XCBuildConfiguration;
			buildSettings = {
				BUNDLE_LOADER = "$(TEST_HOST)";
				INFOPLIST_FILE = BreakoutTests/Info.plist;
				LD_RUNPATH_SEARCH_PATHS = "$(inherited) @executable_path/Frameworks @loader_path/Frameworks";
				PRODUCT_BUNDLE_IDENTIFIER = com.harlan.BreakoutTests;
				PRODUCT_NAME = "$(TARGET_NAME)";
				TEST_HOST = "$(BUILT_PRODUCTS_DIR)/Breakout.app/Breakout";
			};
			name = Release;
		};
/* End XCBuildConfiguration section */

/* Begin XCConfigurationList section */
		DCCAA6D91BAE7BD400683E0D /* Build configuration list for PBXProject "Breakout" */ = {
			isa = XCConfigurationList;
			buildConfigurations = (
				DCCAA6F61BAE7BD400683E0D /* Debug */,
				DCCAA6F71BAE7BD400683E0D /* Release */,
			);
			defaultConfigurationIsVisible = 0;
			defaultConfigurationName = Release;
		};
		DCCAA6F81BAE7BD400683E0D /* Build configuration list for PBXNativeTarget "Breakout" */ = {
			isa = XCConfigurationList;
			buildConfigurations = (
				DCCAA6F91BAE7BD400683E0D /* Debug */,
				DCCAA6FA1BAE7BD400683E0D /* Release */,
			);
			defaultConfigurationIsVisible = 0;
			defaultConfigurationName = Release;
		};
		DCCAA6FB1BAE7BD400683E0D /* Build configuration list for PBXNativeTarget "BreakoutTests" */ = {
			isa = XCConfigurationList;
			buildConfigurations = (
				DCCAA6FC1BAE7BD400683E0D /* Debug */,
				DCCAA6FD1BAE7BD400683E0D /* Release */,
			);
			defaultConfigurationIsVisible = 0;
			defaultConfigurationName = Release;
		};
/* End XCConfigurationList section */
	};
	rootObject = DCCAA6D61BAE7BD400683E0D /* Project object */;
}
